
Microsoft Visual Studio Solution File, Format Version 12.00
# Visual Studio Version 17
VisualStudioVersion = 17.5.33627.172
MinimumVisualStudioVersion = 10.0.40219.1
Project("{FAE04EC0-301F-11D3-BF4B-00C04F79EFBC}") = "projectbd", "projectbd\projectbd.csproj", "{5F868DCA-5533-433E-A114-63C158E308B5}"
EndProject
Project("{2150E333-8FDC-42A3-9474-1A3956D46DE8}") = "Solution Items", "Solution Items", "{257FDD7C-A2D4-4C86-83A7-15357179180E}"
	ProjectSection(SolutionItems) = preProject
		.editorconfig = .editorconfig
	EndProjectSection
EndProject
Global
	GlobalSection(SolutionConfigurationPlatforms) = preSolution
		Debug|Any CPU = Debug|Any CPU
		Release|Any CPU = Release|Any CPU
	EndGlobalSection
	GlobalSection(ProjectConfigurationPlatforms) = postSolution
		{5F868DCA-5533-433E-A114-63C158E308B5}.Debug|Any CPU.ActiveCfg = Debug|Any CPU
		{5F868DCA-5533-433E-A114-63C158E308B5}.Debug|Any CPU.Build.0 = Debug|Any CPU
		{5F868DCA-5533-433E-A114-63C158E308B5}.Release|Any CPU.ActiveCfg = Release|Any CPU
		{5F868DCA-5533-433E-A114-63C158E308B5}.Release|Any CPU.Build.0 = Release|Any CPU
	EndGlobalSection
	GlobalSection(SolutionProperties) = preSolution
		HideSolutionNode = FALSE
	EndGlobalSection
	GlobalSection(ExtensibilityGlobals) = postSolution
		SolutionGuid = {7E675276-4AE3-4B5B-816C-828AE9353BFB}
	EndGlobalSection
EndGlobal
